
Microsoft Visual Studio Solution File, Format Version 12.00
# Visual Studio Version 17
VisualStudioVersion = 17.2.32802.462
MinimumVisualStudioVersion = 10.0.40219.1
Project("{FAE04EC0-301F-11D3-BF4B-00C04F79EFBC}") = "DataCaptureService", "DataCaptureService.csproj", "{2F564DFE-92E9-4089-9257-0F6874EC99AA}"
EndProject
Project("{FAE04EC0-301F-11D3-BF4B-00C04F79EFBC}") = "MessageProcessorService", "..\MessageProcessorService\MessageProcessorService.csproj", "{FFDA56D9-B290-44AC-8632-9C94C5019FE1}"
EndProject
Global
	GlobalSection(SolutionConfigurationPlatforms) = preSolution
		Debug|Any CPU = Debug|Any CPU
		Release|Any CPU = Release|Any CPU
	EndGlobalSection
	GlobalSection(ProjectConfigurationPlatforms) = postSolution
		{2F564DFE-92E9-4089-9257-0F6874EC99AA}.Debug|Any CPU.ActiveCfg = Debug|Any CPU
		{2F564DFE-92E9-4089-9257-0F6874EC99AA}.Debug|Any CPU.Build.0 = Debug|Any CPU
		{2F564DFE-92E9-4089-9257-0F6874EC99AA}.Release|Any CPU.ActiveCfg = Release|Any CPU
		{2F564DFE-92E9-4089-9257-0F6874EC99AA}.Release|Any CPU.Build.0 = Release|Any CPU
		{FFDA56D9-B290-44AC-8632-9C94C5019FE1}.Debug|Any CPU.ActiveCfg = Debug|Any CPU
		{FFDA56D9-B290-44AC-8632-9C94C5019FE1}.Debug|Any CPU.Build.0 = Debug|Any CPU
		{FFDA56D9-B290-44AC-8632-9C94C5019FE1}.Release|Any CPU.ActiveCfg = Release|Any CPU
		{FFDA56D9-B290-44AC-8632-9C94C5019FE1}.Release|Any CPU.Build.0 = Release|Any CPU
	EndGlobalSection
	GlobalSection(SolutionProperties) = preSolution
		HideSolutionNode = FALSE
	EndGlobalSection
	GlobalSection(ExtensibilityGlobals) = postSolution
		SolutionGuid = {D7447411-686B-431F-943B-ED709D301CE0}
	EndGlobalSection
EndGlobal
